{
	"name": "zod4-error",
	"version": "1.0.0",
	"lockfileVersion": 3,
	"requires": true,
	"packages": {
		"": {
			"name": "zod4-error",
			"version": "1.0.0",
			"license": "ISC",
			"dependencies": {
				"typescript": "^5.8.3",
				"zod": "^4.0.0-beta.20250424T163858"
			}
		},
		"node_modules/@zod/core": {
			"version": "0.9.0",
			"resolved": "https://registry.npmjs.org/@zod/core/-/core-0.9.0.tgz",
			"integrity": "sha512-bVfPiV2kDUkAJ4ArvV4MHcPZA8y3xOX6/SjzSy2kX2ACopbaaAP4wk6hd/byRmfi9MLNai+4SFJMmcATdOyclg==",
			"license": "MIT",
			"funding": {
				"url": "https://github.com/sponsors/colinhacks"
			}
		},
		"node_modules/typescript": {
			"version": "5.8.3",
			"resolved": "https://registry.npmjs.org/typescript/-/typescript-5.8.3.tgz",
			"integrity": "sha512-p1diW6TqL9L07nNxvRMM7hMMw4c5XOo/1ibL4aAIGmSAt9slTE1Xgw5KWuof2uTOvCg9BY7ZRi+GaF+7sfgPeQ==",
			"license": "Apache-2.0",
			"bin": {
				"tsc": "bin/tsc",
				"tsserver": "bin/tsserver"
			},
			"engines": {
				"node": ">=14.17"
			}
		},
		"node_modules/zod": {
			"version": "4.0.0-beta.20250424T163858",
			"resolved": "https://registry.npmjs.org/zod/-/zod-4.0.0-beta.20250424T163858.tgz",
			"integrity": "sha512-fKhW+lEJnfUGo0fvQjmam39zUytARR2UdCEh7/OXJSBbKScIhD343K74nW+UUHu/r6dkzN6Uc/GqwogFjzpCXg==",
			"license": "MIT",
			"dependencies": {
				"@zod/core": "0.9.0"
			},
			"funding": {
				"url": "https://github.com/sponsors/colinhacks"
			}
		}
	}
}
